# Written by `ascribe sources fetch` and `ascribe sources update`. Don't edit it by hand.
version = 1

[[source]]
name = "api"
git = "https://github.com/acme/api.git"
commit = "9f2c41d0e0c4a1b2c3d4e5f60718293a4b5c6d7e"

[source.files]
"src/app.py" = "sha256:b98eb4f28d07a372d3e256d5ed401aeb86c3a6cf107dc36edb123276100e0f31"
